
Microsoft Visual Studio Solution File, Format Version 12.00
# Visual Studio 15
VisualStudioVersion = 15.0.35319.79
MinimumVisualStudioVersion = 10.0.40219.1
Project("{FAE04EC0-301F-11D3-BF4B-00C04F79EFBC}") = "overloadingOrnek2", "overloadingOrnek2\overloadingOrnek2.csproj", "{2B9CF66F-6D8B-4E7E-A2A7-17001D6DCF9D}"
EndProject
Global
	GlobalSection(SolutionConfigurationPlatforms) = preSolution
		Debug|Any CPU = Debug|Any CPU
		Release|Any CPU = Release|Any CPU
	EndGlobalSection
	GlobalSection(ProjectConfigurationPlatforms) = postSolution
		{2B9CF66F-6D8B-4E7E-A2A7-17001D6DCF9D}.Debug|Any CPU.ActiveCfg = Debug|Any CPU
		{2B9CF66F-6D8B-4E7E-A2A7-17001D6DCF9D}.Debug|Any CPU.Build.0 = Debug|Any CPU
		{2B9CF66F-6D8B-4E7E-A2A7-17001D6DCF9D}.Release|Any CPU.ActiveCfg = Release|Any CPU
		{2B9CF66F-6D8B-4E7E-A2A7-17001D6DCF9D}.Release|Any CPU.Build.0 = Release|Any CPU
	EndGlobalSection
	GlobalSection(SolutionProperties) = preSolution
		HideSolutionNode = FALSE
	EndGlobalSection
	GlobalSection(ExtensibilityGlobals) = postSolution
		SolutionGuid = {D7A28254-077D-4762-AF7D-45F2456185B8}
	EndGlobalSection
EndGlobal
